
Microsoft Visual Studio Solution File, Format Version 12.00
# Visual Studio Version 16
VisualStudioVersion = 16.0.33927.289
MinimumVisualStudioVersion = 10.0.40219.1
Project("{FAE04EC0-301F-11D3-BF4B-00C04F79EFBC}") = "Tyuiu.MargaryanSG.Sprint4.Task0.V26.Lib", "Tyuiu.MargaryanSG.Sprint4.Task0.V26.Lib\Tyuiu.MargaryanSG.Sprint4.Task0.V26.Lib.csproj", "{7D1EEDED-5BFB-4FE0-ABC4-C5E19CED43B1}"
EndProject
Project("{FAE04EC0-301F-11D3-BF4B-00C04F79EFBC}") = "Tyuiu.MargaryanSG.Sprint4.Task0.V26.Test", "Tyuiu.MargaryanSG.Sprint4.Task0.V26.Test\Tyuiu.MargaryanSG.Sprint4.Task0.V26.Test.csproj", "{0FBDCEE7-1087-4292-B0F0-F2DBA614A2F4}"
EndProject
Project("{FAE04EC0-301F-11D3-BF4B-00C04F79EFBC}") = "Tyuiu.MargaryanSG.Sprint4.Task0.V26", "Tyuiu.MargaryanSG.Sprint4.Task0.V26\Tyuiu.MargaryanSG.Sprint4.Task0.V26.csproj", "{4EA026AE-0EB3-4C2D-A8EF-AAEEFCDFF55B}"
EndProject
Project("{2150E333-8FDC-42A3-9474-1A3956D46DE8}") = "Task0", "Task0", "{C2224598-2D01-4378-88E6-692A25246150}"
EndProject
Project("{2150E333-8FDC-42A3-9474-1A3956D46DE8}") = "Task1", "Task1", "{9926A0A1-97E1-4807-88DC-284CA72FEF65}"
EndProject
Project("{FAE04EC0-301F-11D3-BF4B-00C04F79EFBC}") = "Tyuiu.MargaryanSG.Sprint4.Task1.V27", "Tyuiu.MargaryanSG.Sprint4.Task1.V27\Tyuiu.MargaryanSG.Sprint4.Task1.V27.csproj", "{7EA9C023-DBF1-47E1-856E-61905C0BC472}"
EndProject
Project("{FAE04EC0-301F-11D3-BF4B-00C04F79EFBC}") = "Tyuiu.MargaryanSG.Sprint4.Task1.V27.Lib", "Tyuiu.MargaryanSG.Sprint4.Task1.V27.Lib\Tyuiu.MargaryanSG.Sprint4.Task1.V27.Lib.csproj", "{8A5E1D2B-4744-427C-9B3A-1FA57419563F}"
EndProject
Project("{FAE04EC0-301F-11D3-BF4B-00C04F79EFBC}") = "Tyuiu.MargaryanSG.Task1.V27.Test", "Tyuiu.MargaryanSG.Task1.V27.Test\Tyuiu.MargaryanSG.Task1.V27.Test.csproj", "{1E8157F4-2B6E-4DE6-BCD1-90A6F737F5DA}"
EndProject
Project("{FAE04EC0-301F-11D3-BF4B-00C04F79EFBC}") = "Tyuiu.MargaryanSG.Sprint4.Task2.V8.Lib", "Tyuiu.MargaryanSG.Sprint4.Task2.V8.Lib\Tyuiu.MargaryanSG.Sprint4.Task2.V8.Lib.csproj", "{BC67E027-C671-4F83-BC1B-95FF30ABCA4A}"
EndProject
Project("{2150E333-8FDC-42A3-9474-1A3956D46DE8}") = "Task2", "Task2", "{D72D4044-FA9B-45B0-BFDA-6CDE5A31BBB9}"
EndProject
Project("{FAE04EC0-301F-11D3-BF4B-00C04F79EFBC}") = "Tyuiu.MargaryanSG.Sprint4.Task2.V8", "Tyuiu.MargaryanSG.Sprint4.Task2.V8\Tyuiu.MargaryanSG.Sprint4.Task2.V8.csproj", "{8405F69D-5157-4552-9024-C8F655DB4FB4}"
EndProject
Project("{FAE04EC0-301F-11D3-BF4B-00C04F79EFBC}") = "Tyuiu.MargaryanSG.Sprint4.Task2.V8.Test", "Tyuiu.MargaryanSG.Sprint4.Task2.V8.Test\Tyuiu.MargaryanSG.Sprint4.Task2.V8.Test.csproj", "{C936370D-AD9F-4DC3-AA05-71DB3B87DB89}"
EndProject
Global
	GlobalSection(SolutionConfigurationPlatforms) = preSolution
		Debug|Any CPU = Debug|Any CPU
		Release|Any CPU = Release|Any CPU
	EndGlobalSection
	GlobalSection(ProjectConfigurationPlatforms) = postSolution
		{7D1EEDED-5BFB-4FE0-ABC4-C5E19CED43B1}.Debug|Any CPU.ActiveCfg = Debug|Any CPU
		{7D1EEDED-5BFB-4FE0-ABC4-C5E19CED43B1}.Debug|Any CPU.Build.0 = Debug|Any CPU
		{7D1EEDED-5BFB-4FE0-ABC4-C5E19CED43B1}.Release|Any CPU.ActiveCfg = Release|Any CPU
		{7D1EEDED-5BFB-4FE0-ABC4-C5E19CED43B1}.Release|Any CPU.Build.0 = Release|Any CPU
		{0FBDCEE7-1087-4292-B0F0-F2DBA614A2F4}.Debug|Any CPU.ActiveCfg = Debug|Any CPU
		{0FBDCEE7-1087-4292-B0F0-F2DBA614A2F4}.Debug|Any CPU.Build.0 = Debug|Any CPU
		{0FBDCEE7-1087-4292-B0F0-F2DBA614A2F4}.Release|Any CPU.ActiveCfg = Release|Any CPU
		{0FBDCEE7-1087-4292-B0F0-F2DBA614A2F4}.Release|Any CPU.Build.0 = Release|Any CPU
		{4EA026AE-0EB3-4C2D-A8EF-AAEEFCDFF55B}.Debug|Any CPU.ActiveCfg = Debug|Any CPU
		{4EA026AE-0EB3-4C2D-A8EF-AAEEFCDFF55B}.Debug|Any CPU.Build.0 = Debug|Any CPU
		{4EA026AE-0EB3-4C2D-A8EF-AAEEFCDFF55B}.Release|Any CPU.ActiveCfg = Release|Any CPU
		{4EA026AE-0EB3-4C2D-A8EF-AAEEFCDFF55B}.Release|Any CPU.Build.0 = Release|Any CPU
		{7EA9C023-DBF1-47E1-856E-61905C0BC472}.Debug|Any CPU.ActiveCfg = Debug|Any CPU
		{7EA9C023-DBF1-47E1-856E-61905C0BC472}.Debug|Any CPU.Build.0 = Debug|Any CPU
		{7EA9C023-DBF1-47E1-856E-61905C0BC472}.Release|Any CPU.ActiveCfg = Release|Any CPU
		{7EA9C023-DBF1-47E1-856E-61905C0BC472}.Release|Any CPU.Build.0 = Release|Any CPU
		{8A5E1D2B-4744-427C-9B3A-1FA57419563F}.Debug|Any CPU.ActiveCfg = Debug|Any CPU
		{8A5E1D2B-4744-427C-9B3A-1FA57419563F}.Debug|Any CPU.Build.0 = Debug|Any CPU
		{8A5E1D2B-4744-427C-9B3A-1FA57419563F}.Release|Any CPU.ActiveCfg = Release|Any CPU
		{8A5E1D2B-4744-427C-9B3A-1FA57419563F}.Release|Any CPU.Build.0 = Release|Any CPU
		{1E8157F4-2B6E-4DE6-BCD1-90A6F737F5DA}.Debug|Any CPU.ActiveCfg = Debug|Any CPU
		{1E8157F4-2B6E-4DE6-BCD1-90A6F737F5DA}.Debug|Any CPU.Build.0 = Debug|Any CPU
		{1E8157F4-2B6E-4DE6-BCD1-90A6F737F5DA}.Release|Any CPU.ActiveCfg = Release|Any CPU
		{1E8157F4-2B6E-4DE6-BCD1-90A6F737F5DA}.Release|Any CPU.Build.0 = Release|Any CPU
		{BC67E027-C671-4F83-BC1B-95FF30ABCA4A}.Debug|Any CPU.ActiveCfg = Debug|Any CPU
		{BC67E027-C671-4F83-BC1B-95FF30ABCA4A}.Debug|Any CPU.Build.0 = Debug|Any CPU
		{BC67E027-C671-4F83-BC1B-95FF30ABCA4A}.Release|Any CPU.ActiveCfg = Release|Any CPU
		{BC67E027-C671-4F83-BC1B-95FF30ABCA4A}.Release|Any CPU.Build.0 = Release|Any CPU
		{8405F69D-5157-4552-9024-C8F655DB4FB4}.Debug|Any CPU.ActiveCfg = Debug|Any CPU
		{8405F69D-5157-4552-9024-C8F655DB4FB4}.Debug|Any CPU.Build.0 = Debug|Any CPU
		{8405F69D-5157-4552-9024-C8F655DB4FB4}.Release|Any CPU.ActiveCfg = Release|Any CPU
		{8405F69D-5157-4552-9024-C8F655DB4FB4}.Release|Any CPU.Build.0 = Release|Any CPU
		{C936370D-AD9F-4DC3-AA05-71DB3B87DB89}.Debug|Any CPU.ActiveCfg = Debug|Any CPU
		{C936370D-AD9F-4DC3-AA05-71DB3B87DB89}.Debug|Any CPU.Build.0 = Debug|Any CPU
		{C936370D-AD9F-4DC3-AA05-71DB3B87DB89}.Release|Any CPU.ActiveCfg = Release|Any CPU
		{C936370D-AD9F-4DC3-AA05-71DB3B87DB89}.Release|Any CPU.Build.0 = Release|Any CPU
	EndGlobalSection
	GlobalSection(SolutionProperties) = preSolution
		HideSolutionNode = FALSE
	EndGlobalSection
	GlobalSection(NestedProjects) = preSolution
		{7D1EEDED-5BFB-4FE0-ABC4-C5E19CED43B1} = {C2224598-2D01-4378-88E6-692A25246150}
		{0FBDCEE7-1087-4292-B0F0-F2DBA614A2F4} = {C2224598-2D01-4378-88E6-692A25246150}
		{4EA026AE-0EB3-4C2D-A8EF-AAEEFCDFF55B} = {C2224598-2D01-4378-88E6-692A25246150}
		{7EA9C023-DBF1-47E1-856E-61905C0BC472} = {9926A0A1-97E1-4807-88DC-284CA72FEF65}
		{8A5E1D2B-4744-427C-9B3A-1FA57419563F} = {9926A0A1-97E1-4807-88DC-284CA72FEF65}
		{1E8157F4-2B6E-4DE6-BCD1-90A6F737F5DA} = {9926A0A1-97E1-4807-88DC-284CA72FEF65}
		{BC67E027-C671-4F83-BC1B-95FF30ABCA4A} = {D72D4044-FA9B-45B0-BFDA-6CDE5A31BBB9}
		{8405F69D-5157-4552-9024-C8F655DB4FB4} = {D72D4044-FA9B-45B0-BFDA-6CDE5A31BBB9}
		{C936370D-AD9F-4DC3-AA05-71DB3B87DB89} = {D72D4044-FA9B-45B0-BFDA-6CDE5A31BBB9}
	EndGlobalSection
	GlobalSection(ExtensibilityGlobals) = postSolution
		SolutionGuid = {7BE4B922-AB0B-4435-B66E-F621CA0A6A2F}
	EndGlobalSection
EndGlobal
